
Microsoft Visual Studio Solution File, Format Version 12.00
# Visual Studio Version 16
VisualStudioVersion = 16.0.30104.148
MinimumVisualStudioVersion = 10.0.40219.1
Project("{9A19103F-16F7-4668-BE54-9A1E7A4F7556}") = "NIOCAssetsRegistrationSystem.API", "NIOCAssetsRegistrationSystem.API\NIOCAssetsRegistrationSystem.API.csproj", "{CF7373A1-E4B4-4D4E-9781-F9520024639F}"
EndProject
Global
	GlobalSection(SolutionConfigurationPlatforms) = preSolution
		Debug|Any CPU = Debug|Any CPU
		Release|Any CPU = Release|Any CPU
	EndGlobalSection
	GlobalSection(ProjectConfigurationPlatforms) = postSolution
		{CF7373A1-E4B4-4D4E-9781-F9520024639F}.Debug|Any CPU.ActiveCfg = Debug|Any CPU
		{CF7373A1-E4B4-4D4E-9781-F9520024639F}.Debug|Any CPU.Build.0 = Debug|Any CPU
		{CF7373A1-E4B4-4D4E-9781-F9520024639F}.Release|Any CPU.ActiveCfg = Release|Any CPU
		{CF7373A1-E4B4-4D4E-9781-F9520024639F}.Release|Any CPU.Build.0 = Release|Any CPU
	EndGlobalSection
	GlobalSection(SolutionProperties) = preSolution
		HideSolutionNode = FALSE
	EndGlobalSection
	GlobalSection(ExtensibilityGlobals) = postSolution
		SolutionGuid = {30DAF7CC-DC6D-4F2F-A4C4-97D2ABA16811}
	EndGlobalSection
EndGlobal
